
Microsoft Visual Studio Solution File, Format Version 12.00
# Visual Studio 15
VisualStudioVersion = 15.0.28307.329
MinimumVisualStudioVersion = 10.0.40219.1
Project("{FAE04EC0-301F-11D3-BF4B-00C04F79EFBC}") = "Calc", "Math\Calc.csproj", "{003EC88D-8D77-4CD7-AD40-176F5E484431}"
EndProject
Global
	GlobalSection(SolutionConfigurationPlatforms) = preSolution
		Debug|Any CPU = Debug|Any CPU
		Release|Any CPU = Release|Any CPU
	EndGlobalSection
	GlobalSection(ProjectConfigurationPlatforms) = postSolution
		{003EC88D-8D77-4CD7-AD40-176F5E484431}.Debug|Any CPU.ActiveCfg = Debug|Any CPU
		{003EC88D-8D77-4CD7-AD40-176F5E484431}.Debug|Any CPU.Build.0 = Debug|Any CPU
		{003EC88D-8D77-4CD7-AD40-176F5E484431}.Release|Any CPU.ActiveCfg = Release|Any CPU
		{003EC88D-8D77-4CD7-AD40-176F5E484431}.Release|Any CPU.Build.0 = Release|Any CPU
	EndGlobalSection
	GlobalSection(SolutionProperties) = preSolution
		HideSolutionNode = FALSE
	EndGlobalSection
	GlobalSection(ExtensibilityGlobals) = postSolution
		SolutionGuid = {C8072A93-91CC-40A2-B273-F3F14C11F37C}
	EndGlobalSection
EndGlobal
